
Microsoft Visual Studio Solution File, Format Version 12.00
# Visual Studio Version 17
VisualStudioVersion = 17.2.32630.192
MinimumVisualStudioVersion = 10.0.40219.1
Project("{FAE04EC0-301F-11D3-BF4B-00C04F79EFBC}") = "PolakovPoman2_27", "PolakovPoman2_27\PolakovPoman2_27.csproj", "{93202D05-7824-432D-942F-97F93A0409CF}"
EndProject
Global
	GlobalSection(SolutionConfigurationPlatforms) = preSolution
		Debug|Any CPU = Debug|Any CPU
		Release|Any CPU = Release|Any CPU
	EndGlobalSection
	GlobalSection(ProjectConfigurationPlatforms) = postSolution
		{93202D05-7824-432D-942F-97F93A0409CF}.Debug|Any CPU.ActiveCfg = Debug|Any CPU
		{93202D05-7824-432D-942F-97F93A0409CF}.Debug|Any CPU.Build.0 = Debug|Any CPU
		{93202D05-7824-432D-942F-97F93A0409CF}.Release|Any CPU.ActiveCfg = Release|Any CPU
		{93202D05-7824-432D-942F-97F93A0409CF}.Release|Any CPU.Build.0 = Release|Any CPU
	EndGlobalSection
	GlobalSection(SolutionProperties) = preSolution
		HideSolutionNode = FALSE
	EndGlobalSection
	GlobalSection(ExtensibilityGlobals) = postSolution
		SolutionGuid = {1D66A9F0-4FF3-41AF-AE4A-D90B58182E6B}
	EndGlobalSection
EndGlobal
